Microsoft Visual Studio Solution File, Format Version 12.00
# Visual Studio Version 17
VisualStudioVersion = 17.5.2.0
MinimumVisualStudioVersion = 10.0.40219.1
Project("{FAE04EC0-301F-11D3-BF4B-00C04F79EFBC}") = "RegistroEstudiantesRedesIII", "RegistroEstudiantesRedesIII\RegistroEstudiantesRedesIII.csproj", "{932D6B8F-AE67-8704-6E3F-74ADC647B392}"
EndProject
Project("{FAE04EC0-301F-11D3-BF4B-00C04F79EFBC}") = "VehiculosEstacionamiento", "VehiculosEstacionamiento\VehiculosEstacionamiento.csproj", "{5D3156D0-012E-1717-8B41-B50A79248FEC}"
EndProject
Global
	GlobalSection(SolutionConfigurationPlatforms) = preSolution
		Debug|Any CPU = Debug|Any CPU
		Release|Any CPU = Release|Any CPU
	EndGlobalSection
	GlobalSection(ProjectConfigurationPlatforms) = postSolution
		{932D6B8F-AE67-8704-6E3F-74ADC647B392}.Debug|Any CPU.ActiveCfg = Debug|Any CPU
		{932D6B8F-AE67-8704-6E3F-74ADC647B392}.Debug|Any CPU.Build.0 = Debug|Any CPU
		{932D6B8F-AE67-8704-6E3F-74ADC647B392}.Release|Any CPU.ActiveCfg = Release|Any CPU
		{932D6B8F-AE67-8704-6E3F-74ADC647B392}.Release|Any CPU.Build.0 = Release|Any CPU
		{5D3156D0-012E-1717-8B41-B50A79248FEC}.Debug|Any CPU.ActiveCfg = Debug|Any CPU
		{5D3156D0-012E-1717-8B41-B50A79248FEC}.Debug|Any CPU.Build.0 = Debug|Any CPU
		{5D3156D0-012E-1717-8B41-B50A79248FEC}.Release|Any CPU.ActiveCfg = Release|Any CPU
		{5D3156D0-012E-1717-8B41-B50A79248FEC}.Release|Any CPU.Build.0 = Release|Any CPU
	EndGlobalSection
	GlobalSection(SolutionProperties) = preSolution
		HideSolutionNode = FALSE
	EndGlobalSection
	GlobalSection(ExtensibilityGlobals) = postSolution
		SolutionGuid = {F75D7C8C-0F2C-42F4-9FF7-8A2F77EC457C}
	EndGlobalSection
EndGlobal
